{
  "name": "node-red-contrib-plaid",
  "version": "0.0.1",
  "lockfileVersion": 1,
  "requires": true,
  "dependencies": {
    "@types/node": {
      "version": "9.6.61",
      "resolved": "https://registry.npmjs.org/@types/node/-/node-9.6.61.tgz",
      "integrity": "sha512-/aKAdg5c8n468cYLy2eQrcR5k6chlbNwZNGUj3TboyPa2hcO2QAJcfymlqPzMiRj8B6nYKXjzQz36minFE0RwQ=="
    },
    "axios": {
      "version": "0.19.2",
      "resolved": "https://registry.npmjs.org/axios/-/axios-0.19.2.tgz",
      "integrity": "sha512-fjgm5MvRHLhx+osE2xoekY70AhARk3a6hkN+3Io1jc00jtquGvxYlKlsFUhmUET0V5te6CcZI7lcv2Ym61mjHA==",
      "requires": {
        "follow-redirects": "1.5.10"
      }
    },
    "bluebird": {
      "version": "3.7.2",
      "resolved": "https://registry.npmjs.org/bluebird/-/bluebird-3.7.2.tgz",
      "integrity": "sha512-XpNj6GDQzdfW+r2Wnn7xiSAd7TM3jzkxGXBGTtWKuSXv1xUV+azxAm8jdWZN06QTQk+2N2XB9jRDkvbmQmcRtg=="
    },
    "debug": {
      "version": "3.1.0",
      "resolved": "https://registry.npmjs.org/debug/-/debug-3.1.0.tgz",
      "integrity": "sha512-OX8XqP7/1a9cqkxYw2yXss15f26NKWBpDXQd0/uK/KPqdQhxbPa994hnzjcE2VqQpDslf55723cKPUOGSmMY3g==",
      "requires": {
        "ms": "2.0.0"
      }
    },
    "follow-redirects": {
      "version": "1.5.10",
      "resolved": "https://registry.npmjs.org/follow-redirects/-/follow-redirects-1.5.10.tgz",
      "integrity": "sha512-0V5l4Cizzvqt5D44aTXbFZz+FtyXV1vrDN6qrelxtfYQKW0KO0W2T/hkE8xvGa/540LkZlkaUjO4ailYTFtHVQ==",
      "requires": {
        "debug": "=3.1.0"
      }
    },
    "ini": {
      "version": "1.3.5",
      "resolved": "https://registry.npmjs.org/ini/-/ini-1.3.5.tgz",
      "integrity": "sha512-RZY5huIKCMRWDUqZlEi72f/lmXKMvuszcMBduliQ3nnWbx9X/ZBQO7DijMEYS9EhHBb2qacRUMtC7svLwe0lcw=="
    },
    "ms": {
      "version": "2.0.0",
      "resolved": "https://registry.npmjs.org/ms/-/ms-2.0.0.tgz",
      "integrity": "sha1-VgiurfwAvmwpAd9fmGF4jeDVl8g="
    },
    "plaid": {
      "version": "8.1.0",
      "resolved": "https://registry.npmjs.org/plaid/-/plaid-8.1.0.tgz",
      "integrity": "sha512-x/eK/TitHWyt1D3G7+UAfsI2Y1fd1uJW2KGmsJUQYhZkMD7blvCF95UM8jQYIl1K3go+wmyFg3XjmL0AdBwX3g==",
      "requires": {
        "@types/node": "9.x",
        "axios": "^0.19.2",
        "bluebird": "^3.5.1",
        "ramda": "0.23.x"
      }
    },
    "ramda": {
      "version": "0.23.0",
      "resolved": "https://registry.npmjs.org/ramda/-/ramda-0.23.0.tgz",
      "integrity": "sha1-zNE//3NJepOXTj6GMnv9h71ujis="
    }
  }
}
